
Microsoft Visual Studio Solution File, Format Version 12.00
# Visual Studio Version 16
VisualStudioVersion = 16.0.33927.289
MinimumVisualStudioVersion = 10.0.40219.1
Project("{2150E333-8FDC-42A3-9474-1A3956D46DE8}") = "Task0", "Task0", "{D305F892-DA3A-4D9B-99D9-F5CD39225C3D}"
EndProject
Project("{FAE04EC0-301F-11D3-BF4B-00C04F79EFBC}") = "Tyuiu.LyaginVA.Sprint5.Task0.V2", "Tyuiu.LyaginVA.Sprint5.Task0.V2\Tyuiu.LyaginVA.Sprint5.Task0.V2.csproj", "{12878272-EDB4-4C3F-8765-2AF2F11F1F1F}"
EndProject
Project("{FAE04EC0-301F-11D3-BF4B-00C04F79EFBC}") = "Tyuiu.LyaginVA.Sprint5.Task0.V2.Lib", "Tyuiu.LyaginVA.Sprint5.Task0.V2.Lib\Tyuiu.LyaginVA.Sprint5.Task0.V2.Lib.csproj", "{BCF5DCE3-55E5-4EC4-8D92-680579E81CA7}"
EndProject
Project("{FAE04EC0-301F-11D3-BF4B-00C04F79EFBC}") = "Tyuiu.LyaginVA.Sprint5.Task0.V2.Test", "Tyuiu.LyaginVA.Sprint5.Task0.V2.Test\Tyuiu.LyaginVA.Sprint5.Task0.V2.Test.csproj", "{2E68854D-D99F-47DB-8E6A-10F6F479E1D8}"
EndProject
Project("{2150E333-8FDC-42A3-9474-1A3956D46DE8}") = "Task1", "Task1", "{317C1686-E6E3-4247-853E-BB73D088FC53}"
EndProject
Project("{FAE04EC0-301F-11D3-BF4B-00C04F79EFBC}") = "Tyuiu.LyaginVA.Sprint5.Task1.V16", "Tyuiu.LyaginVA.Sprint5.Task1.V16\Tyuiu.LyaginVA.Sprint5.Task1.V16.csproj", "{502B3741-71E3-41B5-A389-E18E2E2CC88F}"
EndProject
Project("{FAE04EC0-301F-11D3-BF4B-00C04F79EFBC}") = "Tyuiu.LyaginVA.Sprint5.Task1.V16.Lib", "Tyuiu.LyaginVA.Sprint5.Task1.V16.Lib\Tyuiu.LyaginVA.Sprint5.Task1.V16.Lib.csproj", "{EBA968AB-8905-43C4-A8E9-93BAD0250BE0}"
EndProject
Project("{FAE04EC0-301F-11D3-BF4B-00C04F79EFBC}") = "Tyuiu.LyaginVA.Sprint5.Task1.V16.Test", "Tyuiu.LyaginVA.Sprint5.Task1.V16.Test\Tyuiu.LyaginVA.Sprint5.Task1.V16.Test.csproj", "{18B25946-5DD6-42F6-950E-F2E88F3CC6CC}"
EndProject
Project("{2150E333-8FDC-42A3-9474-1A3956D46DE8}") = "Task2", "Task2", "{82FD01E9-2534-46B7-BA15-471F6008AB73}"
EndProject
Project("{FAE04EC0-301F-11D3-BF4B-00C04F79EFBC}") = "Tyuiu.LyaginVA.Sprint5.Task2.V1", "Tyuiu.LyaginVA.Sprint5.Task2.V1\Tyuiu.LyaginVA.Sprint5.Task2.V1.csproj", "{F7161803-292E-40B5-895B-1D9690B342F9}"
EndProject
Project("{FAE04EC0-301F-11D3-BF4B-00C04F79EFBC}") = "Tyuiu.LyaginVA.Sprint5.Task2.V1.Lib", "Tyuiu.LyaginVA.Sprint5.Task2.V1.Lib\Tyuiu.LyaginVA.Sprint5.Task2.V1.Lib.csproj", "{A359A0C1-EB95-4B4D-BE12-0EE4A8369F83}"
EndProject
Project("{FAE04EC0-301F-11D3-BF4B-00C04F79EFBC}") = "Tyuiu.LyaginVA.Sprint5.Task2.V1.Test", "Tyuiu.LyaginVA.Sprint5.Task2.V1.Test\Tyuiu.LyaginVA.Sprint5.Task2.V1.Test.csproj", "{FD970E22-91CC-4AA2-8FEE-2CDB7046F496}"
EndProject
Global
	GlobalSection(SolutionConfigurationPlatforms) = preSolution
		Debug|Any CPU = Debug|Any CPU
		Release|Any CPU = Release|Any CPU
	EndGlobalSection
	GlobalSection(ProjectConfigurationPlatforms) = postSolution
		{12878272-EDB4-4C3F-8765-2AF2F11F1F1F}.Debug|Any CPU.ActiveCfg = Debug|Any CPU
		{12878272-EDB4-4C3F-8765-2AF2F11F1F1F}.Debug|Any CPU.Build.0 = Debug|Any CPU
		{12878272-EDB4-4C3F-8765-2AF2F11F1F1F}.Release|Any CPU.ActiveCfg = Release|Any CPU
		{12878272-EDB4-4C3F-8765-2AF2F11F1F1F}.Release|Any CPU.Build.0 = Release|Any CPU
		{BCF5DCE3-55E5-4EC4-8D92-680579E81CA7}.Debug|Any CPU.ActiveCfg = Debug|Any CPU
		{BCF5DCE3-55E5-4EC4-8D92-680579E81CA7}.Debug|Any CPU.Build.0 = Debug|Any CPU
		{BCF5DCE3-55E5-4EC4-8D92-680579E81CA7}.Release|Any CPU.ActiveCfg = Release|Any CPU
		{BCF5DCE3-55E5-4EC4-8D92-680579E81CA7}.Release|Any CPU.Build.0 = Release|Any CPU
		{2E68854D-D99F-47DB-8E6A-10F6F479E1D8}.Debug|Any CPU.ActiveCfg = Debug|Any CPU
		{2E68854D-D99F-47DB-8E6A-10F6F479E1D8}.Debug|Any CPU.Build.0 = Debug|Any CPU
		{2E68854D-D99F-47DB-8E6A-10F6F479E1D8}.Release|Any CPU.ActiveCfg = Release|Any CPU
		{2E68854D-D99F-47DB-8E6A-10F6F479E1D8}.Release|Any CPU.Build.0 = Release|Any CPU
		{502B3741-71E3-41B5-A389-E18E2E2CC88F}.Debug|Any CPU.ActiveCfg = Debug|Any CPU
		{502B3741-71E3-41B5-A389-E18E2E2CC88F}.Debug|Any CPU.Build.0 = Debug|Any CPU
		{502B3741-71E3-41B5-A389-E18E2E2CC88F}.Release|Any CPU.ActiveCfg = Release|Any CPU
		{502B3741-71E3-41B5-A389-E18E2E2CC88F}.Release|Any CPU.Build.0 = Release|Any CPU
		{EBA968AB-8905-43C4-A8E9-93BAD0250BE0}.Debug|Any CPU.ActiveCfg = Debug|Any CPU
		{EBA968AB-8905-43C4-A8E9-93BAD0250BE0}.Debug|Any CPU.Build.0 = Debug|Any CPU
		{EBA968AB-8905-43C4-A8E9-93BAD0250BE0}.Release|Any CPU.ActiveCfg = Release|Any CPU
		{EBA968AB-8905-43C4-A8E9-93BAD0250BE0}.Release|Any CPU.Build.0 = Release|Any CPU
		{18B25946-5DD6-42F6-950E-F2E88F3CC6CC}.Debug|Any CPU.ActiveCfg = Debug|Any CPU
		{18B25946-5DD6-42F6-950E-F2E88F3CC6CC}.Debug|Any CPU.Build.0 = Debug|Any CPU
		{18B25946-5DD6-42F6-950E-F2E88F3CC6CC}.Release|Any CPU.ActiveCfg = Release|Any CPU
		{18B25946-5DD6-42F6-950E-F2E88F3CC6CC}.Release|Any CPU.Build.0 = Release|Any CPU
		{F7161803-292E-40B5-895B-1D9690B342F9}.Debug|Any CPU.ActiveCfg = Debug|Any CPU
		{F7161803-292E-40B5-895B-1D9690B342F9}.Debug|Any CPU.Build.0 = Debug|Any CPU
		{F7161803-292E-40B5-895B-1D9690B342F9}.Release|Any CPU.ActiveCfg = Release|Any CPU
		{F7161803-292E-40B5-895B-1D9690B342F9}.Release|Any CPU.Build.0 = Release|Any CPU
		{A359A0C1-EB95-4B4D-BE12-0EE4A8369F83}.Debug|Any CPU.ActiveCfg = Debug|Any CPU
		{A359A0C1-EB95-4B4D-BE12-0EE4A8369F83}.Debug|Any CPU.Build.0 = Debug|Any CPU
		{A359A0C1-EB95-4B4D-BE12-0EE4A8369F83}.Release|Any CPU.ActiveCfg = Release|Any CPU
		{A359A0C1-EB95-4B4D-BE12-0EE4A8369F83}.Release|Any CPU.Build.0 = Release|Any CPU
		{FD970E22-91CC-4AA2-8FEE-2CDB7046F496}.Debug|Any CPU.ActiveCfg = Debug|Any CPU
		{FD970E22-91CC-4AA2-8FEE-2CDB7046F496}.Debug|Any CPU.Build.0 = Debug|Any CPU
		{FD970E22-91CC-4AA2-8FEE-2CDB7046F496}.Release|Any CPU.ActiveCfg = Release|Any CPU
		{FD970E22-91CC-4AA2-8FEE-2CDB7046F496}.Release|Any CPU.Build.0 = Release|Any CPU
	EndGlobalSection
	GlobalSection(SolutionProperties) = preSolution
		HideSolutionNode = FALSE
	EndGlobalSection
	GlobalSection(NestedProjects) = preSolution
		{12878272-EDB4-4C3F-8765-2AF2F11F1F1F} = {D305F892-DA3A-4D9B-99D9-F5CD39225C3D}
		{BCF5DCE3-55E5-4EC4-8D92-680579E81CA7} = {D305F892-DA3A-4D9B-99D9-F5CD39225C3D}
		{2E68854D-D99F-47DB-8E6A-10F6F479E1D8} = {D305F892-DA3A-4D9B-99D9-F5CD39225C3D}
		{502B3741-71E3-41B5-A389-E18E2E2CC88F} = {317C1686-E6E3-4247-853E-BB73D088FC53}
		{EBA968AB-8905-43C4-A8E9-93BAD0250BE0} = {317C1686-E6E3-4247-853E-BB73D088FC53}
		{18B25946-5DD6-42F6-950E-F2E88F3CC6CC} = {317C1686-E6E3-4247-853E-BB73D088FC53}
		{F7161803-292E-40B5-895B-1D9690B342F9} = {82FD01E9-2534-46B7-BA15-471F6008AB73}
		{A359A0C1-EB95-4B4D-BE12-0EE4A8369F83} = {82FD01E9-2534-46B7-BA15-471F6008AB73}
		{FD970E22-91CC-4AA2-8FEE-2CDB7046F496} = {82FD01E9-2534-46B7-BA15-471F6008AB73}
	EndGlobalSection
	GlobalSection(ExtensibilityGlobals) = postSolution
		SolutionGuid = {310E9585-FD9D-4A7E-92F0-B7C505BA89C5}
	EndGlobalSection
EndGlobal
